
Microsoft Visual Studio Solution File, Format Version 12.00
# Visual Studio Version 17
VisualStudioVersion = 17.0.31612.314
MinimumVisualStudioVersion = 10.0.40219.1
Project("{FAE04EC0-301F-11D3-BF4B-00C04F79EFBC}") = "MyExpensesAPI", "MyExpensesAPI\MyExpensesAPI.csproj", "{425C26B9-A0A0-4511-9622-7A28ED088215}"
EndProject
Project("{FAE04EC0-301F-11D3-BF4B-00C04F79EFBC}") = "MyExpensesAPI.Domain", "MyExpensesAPI.Domain\MyExpensesAPI.Domain.csproj", "{04EE6212-381B-4584-85F4-D7A2B26C48D1}"
EndProject
Project("{FAE04EC0-301F-11D3-BF4B-00C04F79EFBC}") = "MyExpensesAPI.EfDal", "MyExpensesAPI.EfDal\MyExpensesAPI.EfDal.csproj", "{D716B424-6790-4772-89E4-65F75A8E2547}"
EndProject
Project("{FAE04EC0-301F-11D3-BF4B-00C04F79EFBC}") = "MyExpensesAPI.Services", "MyExpensesAPI.Services\MyExpensesAPI.Services.csproj", "{E7F0ADA2-5991-426D-B522-EE990A9992DE}"
EndProject
Project("{FAE04EC0-301F-11D3-BF4B-00C04F79EFBC}") = "MyExpensesAPI.Models", "MyExpensesAPI.Models\MyExpensesAPI.Models.csproj", "{0F4C54FF-B32A-4B47-A0F4-2374503B1A50}"
EndProject
Global
	GlobalSection(SolutionConfigurationPlatforms) = preSolution
		Debug|Any CPU = Debug|Any CPU
		Release|Any CPU = Release|Any CPU
	EndGlobalSection
	GlobalSection(ProjectConfigurationPlatforms) = postSolution
		{425C26B9-A0A0-4511-9622-7A28ED088215}.Debug|Any CPU.ActiveCfg = Debug|Any CPU
		{425C26B9-A0A0-4511-9622-7A28ED088215}.Debug|Any CPU.Build.0 = Debug|Any CPU
		{425C26B9-A0A0-4511-9622-7A28ED088215}.Release|Any CPU.ActiveCfg = Release|Any CPU
		{425C26B9-A0A0-4511-9622-7A28ED088215}.Release|Any CPU.Build.0 = Release|Any CPU
		{04EE6212-381B-4584-85F4-D7A2B26C48D1}.Debug|Any CPU.ActiveCfg = Debug|Any CPU
		{04EE6212-381B-4584-85F4-D7A2B26C48D1}.Debug|Any CPU.Build.0 = Debug|Any CPU
		{04EE6212-381B-4584-85F4-D7A2B26C48D1}.Release|Any CPU.ActiveCfg = Release|Any CPU
		{04EE6212-381B-4584-85F4-D7A2B26C48D1}.Release|Any CPU.Build.0 = Release|Any CPU
		{D716B424-6790-4772-89E4-65F75A8E2547}.Debug|Any CPU.ActiveCfg = Debug|Any CPU
		{D716B424-6790-4772-89E4-65F75A8E2547}.Debug|Any CPU.Build.0 = Debug|Any CPU
		{D716B424-6790-4772-89E4-65F75A8E2547}.Release|Any CPU.ActiveCfg = Release|Any CPU
		{D716B424-6790-4772-89E4-65F75A8E2547}.Release|Any CPU.Build.0 = Release|Any CPU
		{E7F0ADA2-5991-426D-B522-EE990A9992DE}.Debug|Any CPU.ActiveCfg = Debug|Any CPU
		{E7F0ADA2-5991-426D-B522-EE990A9992DE}.Debug|Any CPU.Build.0 = Debug|Any CPU
		{E7F0ADA2-5991-426D-B522-EE990A9992DE}.Release|Any CPU.ActiveCfg = Release|Any CPU
		{E7F0ADA2-5991-426D-B522-EE990A9992DE}.Release|Any CPU.Build.0 = Release|Any CPU
		{0F4C54FF-B32A-4B47-A0F4-2374503B1A50}.Debug|Any CPU.ActiveCfg = Debug|Any CPU
		{0F4C54FF-B32A-4B47-A0F4-2374503B1A50}.Debug|Any CPU.Build.0 = Debug|Any CPU
		{0F4C54FF-B32A-4B47-A0F4-2374503B1A50}.Release|Any CPU.ActiveCfg = Release|Any CPU
		{0F4C54FF-B32A-4B47-A0F4-2374503B1A50}.Release|Any CPU.Build.0 = Release|Any CPU
	EndGlobalSection
	GlobalSection(SolutionProperties) = preSolution
		HideSolutionNode = FALSE
	EndGlobalSection
	GlobalSection(ExtensibilityGlobals) = postSolution
		SolutionGuid = {5F26219D-68A0-4069-932A-2CBE8B514104}
	EndGlobalSection
EndGlobal
